
Microsoft Visual Studio Solution File, Format Version 12.00
# Visual Studio Version 16
VisualStudioVersion = 16.0.30804.86
MinimumVisualStudioVersion = 10.0.40219.1
Project("{FAE04EC0-301F-11D3-BF4B-00C04F79EFBC}") = "AsyncHesapMakinesi", "AsyncHesapMakinesi\AsyncHesapMakinesi.csproj", "{A463C53E-3DB1-4384-AFFB-116A21529994}"
EndProject
Global
	GlobalSection(SolutionConfigurationPlatforms) = preSolution
		Debug|Any CPU = Debug|Any CPU
		Release|Any CPU = Release|Any CPU
	EndGlobalSection
	GlobalSection(ProjectConfigurationPlatforms) = postSolution
		{A463C53E-3DB1-4384-AFFB-116A21529994}.Debug|Any CPU.ActiveCfg = Debug|Any CPU
		{A463C53E-3DB1-4384-AFFB-116A21529994}.Debug|Any CPU.Build.0 = Debug|Any CPU
		{A463C53E-3DB1-4384-AFFB-116A21529994}.Release|Any CPU.ActiveCfg = Release|Any CPU
		{A463C53E-3DB1-4384-AFFB-116A21529994}.Release|Any CPU.Build.0 = Release|Any CPU
	EndGlobalSection
	GlobalSection(SolutionProperties) = preSolution
		HideSolutionNode = FALSE
	EndGlobalSection
	GlobalSection(ExtensibilityGlobals) = postSolution
		SolutionGuid = {8D385BA8-E35C-4376-9663-88248F129199}
	EndGlobalSection
EndGlobal
